
Microsoft Visual Studio Solution File, Format Version 11.00
# Visual Studio 2010
Project("{F184B08F-C81C-45F6-A57F-5ABD9991F28F}") = "EMA_Updater", "EMA_Updater\EMA_Updater.vbproj", "{EE4F50B6-C924-4931-9D24-31F8E244927E}"
EndProject
Global
	GlobalSection(SolutionConfigurationPlatforms) = preSolution
		Debug|x86 = Debug|x86
		Release|x86 = Release|x86
	EndGlobalSection
	GlobalSection(ProjectConfigurationPlatforms) = postSolution
		{EE4F50B6-C924-4931-9D24-31F8E244927E}.Debug|x86.ActiveCfg = Debug|x86
		{EE4F50B6-C924-4931-9D24-31F8E244927E}.Debug|x86.Build.0 = Debug|x86
		{EE4F50B6-C924-4931-9D24-31F8E244927E}.Release|x86.ActiveCfg = Release|x86
		{EE4F50B6-C924-4931-9D24-31F8E244927E}.Release|x86.Build.0 = Release|x86
	EndGlobalSection
	GlobalSection(SolutionProperties) = preSolution
		HideSolutionNode = FALSE
	EndGlobalSection
EndGlobal
